
Microsoft Visual Studio Solution File, Format Version 12.00
# Visual Studio 15
VisualStudioVersion = 15.0.27004.2005
MinimumVisualStudioVersion = 10.0.40219.1
Project("{151D2E53-A2C4-4D7D-83FE-D05416EBD58E}") = "CognitiveServicesPipeline", "CognitiveServicesPipeline\CognitiveServicesPipeline.deployproj", "{10C138B8-CD2E-4FBD-9AD7-B734C68A447E}"
EndProject
Project("{2150E333-8FDC-42A3-9474-1A3956D46DE8}") = "Solution", "Solution", "{3E40D863-5482-4245-9903-32A465E29FC9}"
	ProjectSection(SolutionItems) = preProject
		.gitignore = .gitignore
		README.md = README.md
	EndProjectSection
EndProject
Global
	GlobalSection(SolutionConfigurationPlatforms) = preSolution
		Debug|Any CPU = Debug|Any CPU
		Release|Any CPU = Release|Any CPU
	EndGlobalSection
	GlobalSection(ProjectConfigurationPlatforms) = postSolution
		{10C138B8-CD2E-4FBD-9AD7-B734C68A447E}.Debug|Any CPU.ActiveCfg = Debug|Any CPU
		{10C138B8-CD2E-4FBD-9AD7-B734C68A447E}.Debug|Any CPU.Build.0 = Debug|Any CPU
		{10C138B8-CD2E-4FBD-9AD7-B734C68A447E}.Release|Any CPU.ActiveCfg = Release|Any CPU
		{10C138B8-CD2E-4FBD-9AD7-B734C68A447E}.Release|Any CPU.Build.0 = Release|Any CPU
	EndGlobalSection
	GlobalSection(SolutionProperties) = preSolution
		HideSolutionNode = FALSE
	EndGlobalSection
	GlobalSection(ExtensibilityGlobals) = postSolution
		SolutionGuid = {07AF2019-E3C3-4372-872D-9C3AB2EC472E}
	EndGlobalSection
EndGlobal
